{
  "name": "origin-proxy",
  "version": "1.0.0",
  "lockfileVersion": 2,
  "requires": true,
  "packages": {
    "": {
      "name": "origin-proxy",
      "version": "1.0.0",
      "license": "MIT",
      "dependencies": {
        "node-git-server": "^1.0.0"
      },
      "devDependencies": {
        "bun-types": "latest"
      }
    },
    "node_modules/bun-types": {
      "version": "1.0.7",
      "resolved": "https://registry.npmjs.org/bun-types/-/bun-types-1.0.7.tgz",
      "integrity": "sha512-zlIp+SCutbbugs6xDy+3WC3KO3zKySpF/bRfiTk/VJUdKt+WHAzlCtLplS7XglRYDFzhRhlzXMW/R5BHkw+u2Q==",
      "dev": true
    },
    "node_modules/node-git-server": {
      "version": "1.0.0",
      "resolved": "https://registry.npmjs.org/node-git-server/-/node-git-server-1.0.0.tgz",
      "integrity": "sha512-LdAEExF4N6/RIuAdJe16l1U5OZrw5M1U7B4C4O2PiRVImyaPNTFeTHlj46vGgpjthvrK7z43JKcIPc4r6+j0fA==",
      "hasInstallScript": true,
      "dependencies": {
        "through": "^2.3.8"
      }
    },
    "node_modules/through": {
      "version": "2.3.8",
      "resolved": "https://registry.npmjs.org/through/-/through-2.3.8.tgz",
      "integrity": "sha512-w89qg7PI8wAdvX60bMDP+bFoD5Dvhm9oLheFp5O4a2QF0cSBGsBX4qZmadPMvVqlLJBBci+WqGGOAPvcDeNSVg=="
    }
  },
  "dependencies": {
    "bun-types": {
      "version": "1.0.7",
      "resolved": "https://registry.npmjs.org/bun-types/-/bun-types-1.0.7.tgz",
      "integrity": "sha512-zlIp+SCutbbugs6xDy+3WC3KO3zKySpF/bRfiTk/VJUdKt+WHAzlCtLplS7XglRYDFzhRhlzXMW/R5BHkw+u2Q==",
      "dev": true
    },
    "node-git-server": {
      "version": "1.0.0",
      "resolved": "https://registry.npmjs.org/node-git-server/-/node-git-server-1.0.0.tgz",
      "integrity": "sha512-LdAEExF4N6/RIuAdJe16l1U5OZrw5M1U7B4C4O2PiRVImyaPNTFeTHlj46vGgpjthvrK7z43JKcIPc4r6+j0fA==",
      "requires": {
        "through": "^2.3.8"
      }
    },
    "through": {
      "version": "2.3.8",
      "resolved": "https://registry.npmjs.org/through/-/through-2.3.8.tgz",
      "integrity": "sha512-w89qg7PI8wAdvX60bMDP+bFoD5Dvhm9oLheFp5O4a2QF0cSBGsBX4qZmadPMvVqlLJBBci+WqGGOAPvcDeNSVg=="
    }
  }
}
